
Microsoft Visual Studio Solution File, Format Version 12.00
# Visual Studio Version 17
VisualStudioVersion = 17.0.32014.148
MinimumVisualStudioVersion = 10.0.40219.1
Project("{FAE04EC0-301F-11D3-BF4B-00C04F79EFBC}") = "EmployeeManager.Domain", "EmployeeManager.Domain\EmployeeManager.Domain.csproj", "{1CB806AC-7CCF-4999-BFE3-723E6F717F01}"
EndProject
Global
	GlobalSection(SolutionConfigurationPlatforms) = preSolution
		Debug|Any CPU = Debug|Any CPU
		Release|Any CPU = Release|Any CPU
	EndGlobalSection
	GlobalSection(ProjectConfigurationPlatforms) = postSolution
		{1CB806AC-7CCF-4999-BFE3-723E6F717F01}.Debug|Any CPU.ActiveCfg = Debug|Any CPU
		{1CB806AC-7CCF-4999-BFE3-723E6F717F01}.Debug|Any CPU.Build.0 = Debug|Any CPU
		{1CB806AC-7CCF-4999-BFE3-723E6F717F01}.Release|Any CPU.ActiveCfg = Release|Any CPU
		{1CB806AC-7CCF-4999-BFE3-723E6F717F01}.Release|Any CPU.Build.0 = Release|Any CPU
	EndGlobalSection
	GlobalSection(SolutionProperties) = preSolution
		HideSolutionNode = FALSE
	EndGlobalSection
	GlobalSection(ExtensibilityGlobals) = postSolution
		SolutionGuid = {08B5F003-17F7-4269-97FE-C84E8637147C}
	EndGlobalSection
EndGlobal
